<?xml version="1.0" encoding="utf-8"?>
<Project ToolsVersion="4.0" xmlns="http://schemas.microsoft.com/developer/msbuild/2003">
  <ItemGroup>
    <Filter Include="Source Files">
      <UniqueIdentifier>{4FC737F1-C7A5-4376-A066-2A32D752A2FF}</UniqueIdentifier>
      <Extensions>cpp;c;cc;cxx;c++;cppm;ixx;def;odl;idl;hpj;bat;asm;asmx</Extensions>
    </Filter>
    <Filter Include="Header Files">
      <UniqueIdentifier>{93995380-89BD-4b04-88EB-625FBE52EBFB}</UniqueIdentifier>
      <Extensions>h;hh;hpp;hxx;h++;hm;inl;inc;ipp;xsd</Extensions>
    </Filter>
    <Filter Include="Resource Files">
      <UniqueIdentifier>{67DA6AB6-F800-4c08-8B7A-83BB121AAD01}</UniqueIdentifier>
      <Extensions>rc;ico;cur;bmp;dlg;rc2;rct;bin;rgs;gif;jpg;jpeg;jpe;resx;tiff;tif;png;wav;mfcribbon-ms</Extensions>
    </Filter>
    <Filter Include="Source Files\state">
      <UniqueIdentifier>{5c547690-a664-41ba-98d2-b7ae9f06c1fe}</UniqueIdentifier>
    </Filter>
    <Filter Include="Source Files\util">
      <UniqueIdentifier>{c081ec6d-8e6d-4546-968a-86169828f56c}</UniqueIdentifier>
    </Filter>
    <Filter Include="Source Files\tool">
      <UniqueIdentifier>{dea00e93-d8dc-4dde-94ed-ca3c286d0236}</UniqueIdentifier>
    </Filter>
    <Filter Include="Header Files\util">
      <UniqueIdentifier>{121e62b2-c085-45e2-b5e2-175d60aafb54}</UniqueIdentifier>
    </Filter>
    <Filter Include="Header Files\tool">
      <UniqueIdentifier>{409e21de-d740-4255-8e2b-76d0dd666f9e}</UniqueIdentifier>
    </Filter>
    <Filter Include="Header Files\state">
      <UniqueIdentifier>{bdf3b1f9-3b05-4543-9968-41b567b47a3f}</UniqueIdentifier>
    </Filter>
  </ItemGroup>
  <ItemGroup>
    <ClCompile Include="main.cpp">
      <Filter>Source Files</Filter>
    </ClCompile>
    <ClCompile Include="source\game_init.cpp">
      <Filter>Source Files</Filter>
    </ClCompile>
    <ClCompile Include="source\util\Context.cpp">
      <Filter>Source Files\util</Filter>
    </ClCompile>
    <ClCompile Include="source\util\debug_mode.cpp">
      <Filter>Source Files\util</Filter>
    </ClCompile>
    <ClCompile Include="source\state\StateMachine.cpp">
      <Filter>Source Files\state</Filter>
    </ClCompile>
  </ItemGroup>
  <ItemGroup>
    <ClInclude Include="header\game_init.h">
      <Filter>Header Files</Filter>
    </ClInclude>
    <ClInclude Include="header\util\Context.h">
      <Filter>Header Files\util</Filter>
    </ClInclude>
    <ClInclude Include="header\util\debug_mode.h">
      <Filter>Header Files\util</Filter>
    </ClInclude>
    <ClInclude Include="header\state\StateBase.h">
      <Filter>Header Files\state</Filter>
    </ClInclude>
    <ClInclude Include="header\state\StateMachine.h">
      <Filter>Header Files\state</Filter>
    </ClInclude>
  </ItemGroup>
  <ItemGroup>
    <None Include="settings\settings.wo">
      <Filter>Resource Files</Filter>
    </None>
  </ItemGroup>
</Project>